{
  "name": "www",
  "lockfileVersion": 2,
  "requires": true,
  "packages": {
    "": {
      "dependencies": {
        "alertifyjs": "^1.13.1",
        "signature_pad": "^4.1.4"
      }
    },
    "node_modules/alertifyjs": {
      "version": "1.13.1",
      "resolved": "https://registry.npmjs.org/alertifyjs/-/alertifyjs-1.13.1.tgz",
      "integrity": "sha512-CckZE2dZDsEEXglOXKxT00vUDV5A6udZom+bn1XHdIWlbSFZgYq7UXCBlwkShhIH3Li/1VxLmr55GOQFQ12WSg=="
    },
    "node_modules/signature_pad": {
      "version": "4.1.4",
      "resolved": "https://registry.npmjs.org/signature_pad/-/signature_pad-4.1.4.tgz",
      "integrity": "sha512-NKLm9uhRfEPl8cdbbyYAiPsoJ3slIo1AyKg3tzwy8OCX2zQc6jrccUlgMBTJPcUsZXNU8o6fy7iX33rtYSoQHQ=="
    }
  },
  "dependencies": {
    "alertifyjs": {
      "version": "1.13.1",
      "resolved": "https://registry.npmjs.org/alertifyjs/-/alertifyjs-1.13.1.tgz",
      "integrity": "sha512-CckZE2dZDsEEXglOXKxT00vUDV5A6udZom+bn1XHdIWlbSFZgYq7UXCBlwkShhIH3Li/1VxLmr55GOQFQ12WSg=="
    },
    "signature_pad": {
      "version": "4.1.4",
      "resolved": "https://registry.npmjs.org/signature_pad/-/signature_pad-4.1.4.tgz",
      "integrity": "sha512-NKLm9uhRfEPl8cdbbyYAiPsoJ3slIo1AyKg3tzwy8OCX2zQc6jrccUlgMBTJPcUsZXNU8o6fy7iX33rtYSoQHQ=="
    }
  }
}
